<?xml version="1.0" encoding="utf-8"?>
<Project ToolsVersion="15.0" xmlns="http://schemas.microsoft.com/developer/msbuild/2003">
  <ItemGroup>
    <Filter Include="Resources">
      <UniqueIdentifier>accd3aa8-1ba0-4223-9bbe-0c431709210b</UniqueIdentifier>
      <Extensions>rc;ico;cur;bmp;dlg;rc2;rct;bin;rgs;gif;jpg;jpeg;jpe;resx;tga;tiff;tif;png;wav;mfcribbon-ms</Extensions>
    </Filter>
    <Filter Include="Generated Files">
      <UniqueIdentifier>{926ab91d-31b4-48c3-b9a4-e681349f27f0}</UniqueIdentifier>
    </Filter>
    <Filter Include="Generated">
      <UniqueIdentifier>{3a6f49c3-01b9-4cef-9f1b-c8b678a21b40}</UniqueIdentifier>
    </Filter>
  </ItemGroup>
  <ItemGroup>
    <ClCompile Include="pch.cpp" />
    <ClCompile Include="$(GeneratedFilesDir)module.g.cpp" />
    <ClCompile Include="Generated\CloseOperationEventArgs.cpp">
      <Filter>Generated</Filter>
    </ClCompile>
    <ClCompile Include="Generated\Date.cpp">
      <Filter>Generated</Filter>
    </ClCompile>
    <ClCompile Include="Generated\Desk.cpp">
      <Filter>Generated</Filter>
    </ClCompile>
    <ClCompile Include="Generated\OperationsLog.cpp">
      <Filter>Generated</Filter>
    </ClCompile>
    <ClCompile Include="Generated\OperationsQueue.cpp">
      <Filter>Generated</Filter>
    </ClCompile>
    <ClCompile Include="Generated\Operator.cpp">
      <Filter>Generated</Filter>
    </ClCompile>
    <ClCompile Include="Generated\Service.cpp">
      <Filter>Generated</Filter>
    </ClCompile>
    <ClCompile Include="Generated\StartQueueEventArgs.cpp">
      <Filter>Generated</Filter>
    </ClCompile>
    <ClCompile Include="Generated\Ticket.cpp">
      <Filter>Generated</Filter>
    </ClCompile>
  </ItemGroup>
  <ItemGroup>
    <ClInclude Include="pch.h" />
    <ClInclude Include="Generated\CloseOperationEventArgs.h">
      <Filter>Generated</Filter>
    </ClInclude>
    <ClInclude Include="Generated\Date.h">
      <Filter>Generated</Filter>
    </ClInclude>
    <ClInclude Include="Generated\Desk.h">
      <Filter>Generated</Filter>
    </ClInclude>
    <ClInclude Include="Generated\OperationsLog.h">
      <Filter>Generated</Filter>
    </ClInclude>
    <ClInclude Include="Generated\OperationsQueue.h">
      <Filter>Generated</Filter>
    </ClInclude>
    <ClInclude Include="Generated\Operator.h">
      <Filter>Generated</Filter>
    </ClInclude>
    <ClInclude Include="Generated\Service.h">
      <Filter>Generated</Filter>
    </ClInclude>
    <ClInclude Include="Generated\StartQueueEventArgs.h">
      <Filter>Generated</Filter>
    </ClInclude>
    <ClInclude Include="Generated\Ticket.h">
      <Filter>Generated</Filter>
    </ClInclude>
    <ClInclude Include="Helpers.h">
      <Filter>Generated</Filter>
    </ClInclude>
  </ItemGroup>
  <ItemGroup>
    <Midl Include="Common.idl" />
  </ItemGroup>
  <ItemGroup>
    <None Include="TicketMachine.def" />
    <None Include="packages.config" />
  </ItemGroup>
  <ItemGroup>
    <None Include="PropertySheet.props" />
  </ItemGroup>
  <ItemGroup>
    <Text Include="readme.txt" />
  </ItemGroup>
</Project>